
Microsoft Visual Studio Solution File, Format Version 12.00
# Visual Studio Version 17
VisualStudioVersion = 17.13.35913.81
MinimumVisualStudioVersion = 10.0.40219.1
Project("{FAE04EC0-301F-11D3-BF4B-00C04F79EFBC}") = "KP_PI", "КР_ПИ\KP_PI.csproj", "{5CE6C610-12B9-4E02-A20F-99388521B6F9}"
EndProject
Global
	GlobalSection(SolutionConfigurationPlatforms) = preSolution
		Debug|Any CPU = Debug|Any CPU
		Release|Any CPU = Release|Any CPU
	EndGlobalSection
	GlobalSection(ProjectConfigurationPlatforms) = postSolution
		{5CE6C610-12B9-4E02-A20F-99388521B6F9}.Debug|Any CPU.ActiveCfg = Debug|Any CPU
		{5CE6C610-12B9-4E02-A20F-99388521B6F9}.Debug|Any CPU.Build.0 = Debug|Any CPU
		{5CE6C610-12B9-4E02-A20F-99388521B6F9}.Release|Any CPU.ActiveCfg = Release|Any CPU
		{5CE6C610-12B9-4E02-A20F-99388521B6F9}.Release|Any CPU.Build.0 = Release|Any CPU
	EndGlobalSection
	GlobalSection(SolutionProperties) = preSolution
		HideSolutionNode = FALSE
	EndGlobalSection
	GlobalSection(ExtensibilityGlobals) = postSolution
		SolutionGuid = {A3C4C830-0D25-4269-B3FF-3AF42A35DEBC}
	EndGlobalSection
EndGlobal
